Microsoft Visual Studio Solution File, Format Version 11.00
# Visual Studio 2008

Project("{CE8E1FE4-4110-365D-7000-60B355AD45F7}") = "is320labtest2gben604", "Assembly-CSharp-firstpass.csproj", "{9C763787-0073-AD04-7DC5-6CFAE6751F39}"
EndProject
Project("{CE8E1FE4-4110-365D-7000-60B355AD45F7}") = "is320labtest2gben604", "Assembly-CSharp.csproj", "{9FB320E5-734B-970F-0BAF-FE54A9BF8966}"
EndProject
Project("{CE8E1FE4-4110-365D-7000-60B355AD45F7}") = "is320labtest2gben604", "Assembly-CSharp-Editor.csproj", "{CE44EEAC-FD5E-0365-9B3A-AE184AA5F665}"
EndProject
Global
	GlobalSection(SolutionConfigurationPlatforms) = preSolution
		Debug|Any CPU = Debug|Any CPU
		Release|Any CPU = Release|Any CPU
	EndGlobalSection
	GlobalSection(ProjectConfigurationPlatforms) = postSolution
		{9C763787-0073-AD04-7DC5-6CFAE6751F39}.Debug|Any CPU.ActiveCfg = Debug|Any CPU
		{9C763787-0073-AD04-7DC5-6CFAE6751F39}.Debug|Any CPU.Build.0 = Debug|Any CPU
		{9C763787-0073-AD04-7DC5-6CFAE6751F39}.Release|Any CPU.ActiveCfg = Release|Any CPU
		{9C763787-0073-AD04-7DC5-6CFAE6751F39}.Release|Any CPU.Build.0 = Release|Any CPU
		{9FB320E5-734B-970F-0BAF-FE54A9BF8966}.Debug|Any CPU.ActiveCfg = Debug|Any CPU
		{9FB320E5-734B-970F-0BAF-FE54A9BF8966}.Debug|Any CPU.Build.0 = Debug|Any CPU
		{9FB320E5-734B-970F-0BAF-FE54A9BF8966}.Release|Any CPU.ActiveCfg = Release|Any CPU
		{9FB320E5-734B-970F-0BAF-FE54A9BF8966}.Release|Any CPU.Build.0 = Release|Any CPU
		{CE44EEAC-FD5E-0365-9B3A-AE184AA5F665}.Debug|Any CPU.ActiveCfg = Debug|Any CPU
		{CE44EEAC-FD5E-0365-9B3A-AE184AA5F665}.Debug|Any CPU.Build.0 = Debug|Any CPU
		{CE44EEAC-FD5E-0365-9B3A-AE184AA5F665}.Release|Any CPU.ActiveCfg = Release|Any CPU
		{CE44EEAC-FD5E-0365-9B3A-AE184AA5F665}.Release|Any CPU.Build.0 = Release|Any CPU
	EndGlobalSection
	GlobalSection(SolutionProperties) = preSolution
		HideSolutionNode = FALSE
	EndGlobalSection
	GlobalSection(MonoDevelopProperties) = preSolution
		StartupItem = Assembly-CSharp.csproj
	EndGlobalSection
EndGlobal
